
Microsoft Visual Studio Solution File, Format Version 12.00
# Visual Studio Version 16
VisualStudioVersion = 16.0.29920.165
MinimumVisualStudioVersion = 10.0.40219.1
Project("{FAE04EC0-301F-11D3-BF4B-00C04F79EFBC}") = "JujuControl", "JujuControl\JujuControl.csproj", "{938F1B82-97E6-42A2-BECB-59D1049BEBAE}"
EndProject
Project("{FAE04EC0-301F-11D3-BF4B-00C04F79EFBC}") = "JujuControl.Data", "JujuControl.Data\JujuControl.Data.csproj", "{2291124B-7BD1-48CA-B592-7BF534F67D3C}"
EndProject
Project("{FAE04EC0-301F-11D3-BF4B-00C04F79EFBC}") = "JujuControl.Business", "JujuControl.Business\JujuControl.Business.csproj", "{F67D5303-F01B-46D4-B5D8-B1F1AD6B842B}"
EndProject
Global
	GlobalSection(SolutionConfigurationPlatforms) = preSolution
		Debug|Any CPU = Debug|Any CPU
		Release|Any CPU = Release|Any CPU
	EndGlobalSection
	GlobalSection(ProjectConfigurationPlatforms) = postSolution
		{938F1B82-97E6-42A2-BECB-59D1049BEBAE}.Debug|Any CPU.ActiveCfg = Debug|Any CPU
		{938F1B82-97E6-42A2-BECB-59D1049BEBAE}.Debug|Any CPU.Build.0 = Debug|Any CPU
		{938F1B82-97E6-42A2-BECB-59D1049BEBAE}.Release|Any CPU.ActiveCfg = Release|Any CPU
		{938F1B82-97E6-42A2-BECB-59D1049BEBAE}.Release|Any CPU.Build.0 = Release|Any CPU
		{2291124B-7BD1-48CA-B592-7BF534F67D3C}.Debug|Any CPU.ActiveCfg = Debug|Any CPU
		{2291124B-7BD1-48CA-B592-7BF534F67D3C}.Debug|Any CPU.Build.0 = Debug|Any CPU
		{2291124B-7BD1-48CA-B592-7BF534F67D3C}.Release|Any CPU.ActiveCfg = Release|Any CPU
		{2291124B-7BD1-48CA-B592-7BF534F67D3C}.Release|Any CPU.Build.0 = Release|Any CPU
		{F67D5303-F01B-46D4-B5D8-B1F1AD6B842B}.Debug|Any CPU.ActiveCfg = Debug|Any CPU
		{F67D5303-F01B-46D4-B5D8-B1F1AD6B842B}.Debug|Any CPU.Build.0 = Debug|Any CPU
		{F67D5303-F01B-46D4-B5D8-B1F1AD6B842B}.Release|Any CPU.ActiveCfg = Release|Any CPU
		{F67D5303-F01B-46D4-B5D8-B1F1AD6B842B}.Release|Any CPU.Build.0 = Release|Any CPU
	EndGlobalSection
	GlobalSection(SolutionProperties) = preSolution
		HideSolutionNode = FALSE
	EndGlobalSection
	GlobalSection(ExtensibilityGlobals) = postSolution
		SolutionGuid = {DD602D08-BF5E-4713-9898-83766B01D338}
	EndGlobalSection
EndGlobal
